
Microsoft Visual Studio Solution File, Format Version 12.00
# Visual Studio Version 16
VisualStudioVersion = 16.0.28803.452
MinimumVisualStudioVersion = 10.0.40219.1
Project("{9A19103F-16F7-4668-BE54-9A1E7A4F7556}") = "PizzaWebApp", "PizzaWebApp\PizzaWebApp.csproj", "{453EDB10-F421-47A6-B1A8-8D3AAC2D18E9}"
EndProject
Project("{9A19103F-16F7-4668-BE54-9A1E7A4F7556}") = "Domain", "Domain\Domain.csproj", "{C15318C8-8F82-41B6-94E4-E5B86C125E79}"
EndProject
Project("{9A19103F-16F7-4668-BE54-9A1E7A4F7556}") = "Data", "Data\Data.csproj", "{688C4296-5509-423D-83CB-249CF19E117A}"
EndProject
Project("{9A19103F-16F7-4668-BE54-9A1E7A4F7556}") = "Test", "Test\Test.csproj", "{38F4FFD6-2483-40E0-8E4B-1D7B10A1F312}"
EndProject
Global
	GlobalSection(SolutionConfigurationPlatforms) = preSolution
		Debug|Any CPU = Debug|Any CPU
		Release|Any CPU = Release|Any CPU
	EndGlobalSection
	GlobalSection(ProjectConfigurationPlatforms) = postSolution
		{453EDB10-F421-47A6-B1A8-8D3AAC2D18E9}.Debug|Any CPU.ActiveCfg = Debug|Any CPU
		{453EDB10-F421-47A6-B1A8-8D3AAC2D18E9}.Debug|Any CPU.Build.0 = Debug|Any CPU
		{453EDB10-F421-47A6-B1A8-8D3AAC2D18E9}.Release|Any CPU.ActiveCfg = Release|Any CPU
		{453EDB10-F421-47A6-B1A8-8D3AAC2D18E9}.Release|Any CPU.Build.0 = Release|Any CPU
		{C15318C8-8F82-41B6-94E4-E5B86C125E79}.Debug|Any CPU.ActiveCfg = Debug|Any CPU
		{C15318C8-8F82-41B6-94E4-E5B86C125E79}.Debug|Any CPU.Build.0 = Debug|Any CPU
		{C15318C8-8F82-41B6-94E4-E5B86C125E79}.Release|Any CPU.ActiveCfg = Release|Any CPU
		{C15318C8-8F82-41B6-94E4-E5B86C125E79}.Release|Any CPU.Build.0 = Release|Any CPU
		{688C4296-5509-423D-83CB-249CF19E117A}.Debug|Any CPU.ActiveCfg = Debug|Any CPU
		{688C4296-5509-423D-83CB-249CF19E117A}.Debug|Any CPU.Build.0 = Debug|Any CPU
		{688C4296-5509-423D-83CB-249CF19E117A}.Release|Any CPU.ActiveCfg = Release|Any CPU
		{688C4296-5509-423D-83CB-249CF19E117A}.Release|Any CPU.Build.0 = Release|Any CPU
		{38F4FFD6-2483-40E0-8E4B-1D7B10A1F312}.Debug|Any CPU.ActiveCfg = Debug|Any CPU
		{38F4FFD6-2483-40E0-8E4B-1D7B10A1F312}.Debug|Any CPU.Build.0 = Debug|Any CPU
		{38F4FFD6-2483-40E0-8E4B-1D7B10A1F312}.Release|Any CPU.ActiveCfg = Release|Any CPU
		{38F4FFD6-2483-40E0-8E4B-1D7B10A1F312}.Release|Any CPU.Build.0 = Release|Any CPU
	EndGlobalSection
	GlobalSection(SolutionProperties) = preSolution
		HideSolutionNode = FALSE
	EndGlobalSection
	GlobalSection(ExtensibilityGlobals) = postSolution
		SolutionGuid = {FEA588B8-BB2B-4DFE-AC57-444A158EB3EB}
	EndGlobalSection
EndGlobal
